
Microsoft Visual Studio Solution File, Format Version 12.00
# Visual Studio Version 16
VisualStudioVersion = 16.0.29306.81
MinimumVisualStudioVersion = 10.0.40219.1
Project("{FAE04EC0-301F-11D3-BF4B-00C04F79EFBC}") = "Prince of Persia", "Prince of Persia\Prince of Persia.csproj", "{8DB8F1E2-64D7-4810-9CFF-BD18E4C0FCBA}"
EndProject
Global
	GlobalSection(SolutionConfigurationPlatforms) = preSolution
		Debug|Any CPU = Debug|Any CPU
		Release|Any CPU = Release|Any CPU
	EndGlobalSection
	GlobalSection(ProjectConfigurationPlatforms) = postSolution
		{8DB8F1E2-64D7-4810-9CFF-BD18E4C0FCBA}.Debug|Any CPU.ActiveCfg = Debug|Any CPU
		{8DB8F1E2-64D7-4810-9CFF-BD18E4C0FCBA}.Debug|Any CPU.Build.0 = Debug|Any CPU
		{8DB8F1E2-64D7-4810-9CFF-BD18E4C0FCBA}.Release|Any CPU.ActiveCfg = Release|Any CPU
		{8DB8F1E2-64D7-4810-9CFF-BD18E4C0FCBA}.Release|Any CPU.Build.0 = Release|Any CPU
	EndGlobalSection
	GlobalSection(SolutionProperties) = preSolution
		HideSolutionNode = FALSE
	EndGlobalSection
	GlobalSection(ExtensibilityGlobals) = postSolution
		SolutionGuid = {DDE80688-DA53-4452-93B9-1211BA262D84}
	EndGlobalSection
EndGlobal
